
Microsoft Visual Studio Solution File, Format Version 12.00
# Visual Studio 14
VisualStudioVersion = 14.0.25123.0
MinimumVisualStudioVersion = 10.0.40219.1
Project("{FAE04EC0-301F-11D3-BF4B-00C04F79EFBC}") = "PasswordTester", "PasswordTester\PasswordTester.csproj", "{F578AB8F-3D99-4FC4-B71D-EB820675E6A5}"
EndProject
Project("{FAE04EC0-301F-11D3-BF4B-00C04F79EFBC}") = "PasswordTesterAPI", "PasswordTesterAPI\PasswordTesterAPI.csproj", "{B153D4CB-BB2F-49F8-8F6E-FB5F3302B0B6}"
EndProject
Project("{FAE04EC0-301F-11D3-BF4B-00C04F79EFBC}") = "PasswordTesterTEST", "PasswordTesterTEST\PasswordTesterTEST.csproj", "{E27808C8-D3BB-435B-ACA6-626C4A203F8D}"
EndProject
Project("{2150E333-8FDC-42A3-9474-1A3956D46DE8}") = "Solution Items", "Solution Items", "{853FCE6B-0058-448F-AA48-8958B402D4F6}"
	ProjectSection(SolutionItems) = preProject
		SharedAssemblyInfo.cs = SharedAssemblyInfo.cs
	EndProjectSection
EndProject
Global
	GlobalSection(SolutionConfigurationPlatforms) = preSolution
		Debug|Any CPU = Debug|Any CPU
		Release|Any CPU = Release|Any CPU
	EndGlobalSection
	GlobalSection(ProjectConfigurationPlatforms) = postSolution
		{F578AB8F-3D99-4FC4-B71D-EB820675E6A5}.Debug|Any CPU.ActiveCfg = Debug|Any CPU
		{F578AB8F-3D99-4FC4-B71D-EB820675E6A5}.Debug|Any CPU.Build.0 = Debug|Any CPU
		{F578AB8F-3D99-4FC4-B71D-EB820675E6A5}.Release|Any CPU.ActiveCfg = Release|Any CPU
		{F578AB8F-3D99-4FC4-B71D-EB820675E6A5}.Release|Any CPU.Build.0 = Release|Any CPU
		{B153D4CB-BB2F-49F8-8F6E-FB5F3302B0B6}.Debug|Any CPU.ActiveCfg = Debug|Any CPU
		{B153D4CB-BB2F-49F8-8F6E-FB5F3302B0B6}.Debug|Any CPU.Build.0 = Debug|Any CPU
		{B153D4CB-BB2F-49F8-8F6E-FB5F3302B0B6}.Release|Any CPU.ActiveCfg = Release|Any CPU
		{B153D4CB-BB2F-49F8-8F6E-FB5F3302B0B6}.Release|Any CPU.Build.0 = Release|Any CPU
		{E27808C8-D3BB-435B-ACA6-626C4A203F8D}.Debug|Any CPU.ActiveCfg = Debug|Any CPU
		{E27808C8-D3BB-435B-ACA6-626C4A203F8D}.Debug|Any CPU.Build.0 = Debug|Any CPU
		{E27808C8-D3BB-435B-ACA6-626C4A203F8D}.Release|Any CPU.ActiveCfg = Release|Any CPU
		{E27808C8-D3BB-435B-ACA6-626C4A203F8D}.Release|Any CPU.Build.0 = Release|Any CPU
	EndGlobalSection
	GlobalSection(SolutionProperties) = preSolution
		HideSolutionNode = FALSE
	EndGlobalSection
EndGlobal
